Microsoft Visual Studio Solution File, Format Version 12.00
# Visual Studio Version 17
VisualStudioVersion = 17.4.32804.182
MinimumVisualStudioVersion = 10.0.40219.1
Project("{9A19103F-16F7-4668-BE54-9A1E7A4F7556}") = "ClimateMonitor", "ClimateMonitor\ClimateMonitor.csproj", "{D6A119B6-C4F9-4002-A5A1-7089576FBC79}"
EndProject
Project("{9A19103F-16F7-4668-BE54-9A1E7A4F7556}") = "ClimateMonitor.Test", "ClimateMonitor.Test\ClimateMonitor.Test.csproj", "{13BB184A-F854-4927-B5AA-C0EF9ADA94E3}"
EndProject
Global
	GlobalSection(SolutionConfigurationPlatforms) = preSolution
		Debug|Any CPU = Debug|Any CPU
		Release|Any CPU = Release|Any CPU
	EndGlobalSection
	GlobalSection(ProjectConfigurationPlatforms) = postSolution
		{D6A119B6-C4F9-4002-A5A1-7089576FBC79}.Debug|Any CPU.ActiveCfg = Debug|Any CPU
		{D6A119B6-C4F9-4002-A5A1-7089576FBC79}.Debug|Any CPU.Build.0 = Debug|Any CPU
		{D6A119B6-C4F9-4002-A5A1-7089576FBC79}.Release|Any CPU.ActiveCfg = Release|Any CPU
		{D6A119B6-C4F9-4002-A5A1-7089576FBC79}.Release|Any CPU.Build.0 = Release|Any CPU
		{13BB184A-F854-4927-B5AA-C0EF9ADA94E3}.Debug|Any CPU.ActiveCfg = Debug|Any CPU
		{13BB184A-F854-4927-B5AA-C0EF9ADA94E3}.Debug|Any CPU.Build.0 = Debug|Any CPU
		{13BB184A-F854-4927-B5AA-C0EF9ADA94E3}.Release|Any CPU.ActiveCfg = Release|Any CPU
		{13BB184A-F854-4927-B5AA-C0EF9ADA94E3}.Release|Any CPU.Build.0 = Release|Any CPU
	EndGlobalSection
	GlobalSection(SolutionProperties) = preSolution
		HideSolutionNode = FALSE
	EndGlobalSection
	GlobalSection(ExtensibilityGlobals) = postSolution
		SolutionGuid = {9E8F6501-CCC6-4F37-A867-033074649FA5}
	EndGlobalSection
EndGlobal
